# THIS IS AN AUTOGENERATED FILE. DO NOT EDIT THIS FILE DIRECTLY.
# yarn lockfile v1


cz-git@^1.11.0:
  version "1.11.0"
  resolved "https://registry.npmmirror.com/cz-git/-/cz-git-1.11.0.tgz#09cad2faa590c39cf81fa90c128a6641cf5c3fcb"
  integrity sha512-FCNkpyVmNPX0P8kHtX8uoFcXsJ4bjivMXVS5vc/qCyM8jj+Tuqo6CXQjGQKwKl0Lk9VNz7o6JfPoU/mM/XhxqA==
